
Microsoft Visual Studio Solution File, Format Version 12.00
# Visual Studio Version 17
VisualStudioVersion = 17.7.34202.233
MinimumVisualStudioVersion = 10.0.40219.1
Project("{9A19103F-16F7-4668-BE54-9A1E7A4F7556}") = "Atividade 1", "Atividade 1\Atividade 1.csproj", "{E43E7095-7826-4F59-9420-322E35CCD4BF}"
EndProject
Project("{9A19103F-16F7-4668-BE54-9A1E7A4F7556}") = "Atividade 2", "Atividade 2\Atividade 2.csproj", "{C56C2C43-4264-4FDB-B6A6-F47B587EF452}"
EndProject
Project("{FAE04EC0-301F-11D3-BF4B-00C04F79EFBC}") = "Atividade 3", "Atividade 3\Atividade 3.csproj", "{20F61D87-9548-4BAA-AA16-352287B6BF44}"
EndProject
Global
	GlobalSection(SolutionConfigurationPlatforms) = preSolution
		Debug|Any CPU = Debug|Any CPU
		Release|Any CPU = Release|Any CPU
	EndGlobalSection
	GlobalSection(ProjectConfigurationPlatforms) = postSolution
		{E43E7095-7826-4F59-9420-322E35CCD4BF}.Debug|Any CPU.ActiveCfg = Debug|Any CPU
		{E43E7095-7826-4F59-9420-322E35CCD4BF}.Debug|Any CPU.Build.0 = Debug|Any CPU
		{E43E7095-7826-4F59-9420-322E35CCD4BF}.Release|Any CPU.ActiveCfg = Release|Any CPU
		{E43E7095-7826-4F59-9420-322E35CCD4BF}.Release|Any CPU.Build.0 = Release|Any CPU
		{C56C2C43-4264-4FDB-B6A6-F47B587EF452}.Debug|Any CPU.ActiveCfg = Debug|Any CPU
		{C56C2C43-4264-4FDB-B6A6-F47B587EF452}.Debug|Any CPU.Build.0 = Debug|Any CPU
		{C56C2C43-4264-4FDB-B6A6-F47B587EF452}.Release|Any CPU.ActiveCfg = Release|Any CPU
		{C56C2C43-4264-4FDB-B6A6-F47B587EF452}.Release|Any CPU.Build.0 = Release|Any CPU
		{20F61D87-9548-4BAA-AA16-352287B6BF44}.Debug|Any CPU.ActiveCfg = Debug|Any CPU
		{20F61D87-9548-4BAA-AA16-352287B6BF44}.Debug|Any CPU.Build.0 = Debug|Any CPU
		{20F61D87-9548-4BAA-AA16-352287B6BF44}.Release|Any CPU.ActiveCfg = Release|Any CPU
		{20F61D87-9548-4BAA-AA16-352287B6BF44}.Release|Any CPU.Build.0 = Release|Any CPU
	EndGlobalSection
	GlobalSection(SolutionProperties) = preSolution
		HideSolutionNode = FALSE
	EndGlobalSection
	GlobalSection(ExtensibilityGlobals) = postSolution
		SolutionGuid = {2881AF91-1C73-4C35-B81C-34D43E590B2B}
	EndGlobalSection
EndGlobal
